
Microsoft Visual Studio Solution File, Format Version 12.00
Project("{FAE04EC0-301F-11D3-BF4B-00C04F79EFBC}") = "posts", "posts\posts.csproj", "{2FC846EA-CE24-4FA6-9C7D-8385B7937D01}"
EndProject
Project("{FAE04EC0-301F-11D3-BF4B-00C04F79EFBC}") = "comments", "comments\comments.csproj", "{6BDFE586-7B1F-43E7-B71A-135C156EEDE4}"
EndProject
Project("{FAE04EC0-301F-11D3-BF4B-00C04F79EFBC}") = "event_bus", "event_bus\event_bus.csproj", "{06330504-A5AB-45F1-B92C-45960758FC24}"
EndProject
Global
	GlobalSection(SolutionConfigurationPlatforms) = preSolution
		Debug|Any CPU = Debug|Any CPU
		Release|Any CPU = Release|Any CPU
	EndGlobalSection
	GlobalSection(ProjectConfigurationPlatforms) = postSolution
		{2FC846EA-CE24-4FA6-9C7D-8385B7937D01}.Debug|Any CPU.ActiveCfg = Debug|Any CPU
		{2FC846EA-CE24-4FA6-9C7D-8385B7937D01}.Debug|Any CPU.Build.0 = Debug|Any CPU
		{2FC846EA-CE24-4FA6-9C7D-8385B7937D01}.Release|Any CPU.ActiveCfg = Release|Any CPU
		{2FC846EA-CE24-4FA6-9C7D-8385B7937D01}.Release|Any CPU.Build.0 = Release|Any CPU
		{6BDFE586-7B1F-43E7-B71A-135C156EEDE4}.Debug|Any CPU.ActiveCfg = Debug|Any CPU
		{6BDFE586-7B1F-43E7-B71A-135C156EEDE4}.Debug|Any CPU.Build.0 = Debug|Any CPU
		{6BDFE586-7B1F-43E7-B71A-135C156EEDE4}.Release|Any CPU.ActiveCfg = Release|Any CPU
		{6BDFE586-7B1F-43E7-B71A-135C156EEDE4}.Release|Any CPU.Build.0 = Release|Any CPU
		{06330504-A5AB-45F1-B92C-45960758FC24}.Debug|Any CPU.ActiveCfg = Debug|Any CPU
		{06330504-A5AB-45F1-B92C-45960758FC24}.Debug|Any CPU.Build.0 = Debug|Any CPU
		{06330504-A5AB-45F1-B92C-45960758FC24}.Release|Any CPU.ActiveCfg = Release|Any CPU
		{06330504-A5AB-45F1-B92C-45960758FC24}.Release|Any CPU.Build.0 = Release|Any CPU
	EndGlobalSection
EndGlobal
